
Microsoft Visual Studio Solution File, Format Version 12.00
# Visual Studio 15
VisualStudioVersion = 15.0.28010.2050
MinimumVisualStudioVersion = 10.0.40219.1
Project("{9A19103F-16F7-4668-BE54-9A1E7A4F7556}") = "WebApi", "WebApi\WebApi.csproj", "{FAA769A8-7DBB-4139-BCEF-8D7E04C54851}"
EndProject
Project("{9A19103F-16F7-4668-BE54-9A1E7A4F7556}") = "DomainLayer", "Domain\DomainLayer.csproj", "{F809FE80-8790-480B-86FB-CC2BD63F16E1}"
EndProject
Project("{9A19103F-16F7-4668-BE54-9A1E7A4F7556}") = "DataAccessLayer", "DataAccessLayer\DataAccessLayer.csproj", "{7ECED420-C379-45CA-BF34-8E2D141D4503}"
EndProject
Project("{9A19103F-16F7-4668-BE54-9A1E7A4F7556}") = "BusinessLayer", "BusinessLayer\BusinessLayer.csproj", "{A322333A-CBCF-47B7-A04C-89FCD13F308E}"
EndProject
Project("{9A19103F-16F7-4668-BE54-9A1E7A4F7556}") = "InfrastructureLayer", "InfrastructureLayer\InfrastructureLayer.csproj", "{402E6A23-9459-4E0F-96D6-D0069E540CDE}"
EndProject
Project("{FAE04EC0-301F-11D3-BF4B-00C04F79EFBC}") = "Web", "Web\Web.csproj", "{E054F4FF-C3E8-4F36-AC7A-705055EA35ED}"
EndProject
Global
	GlobalSection(SolutionConfigurationPlatforms) = preSolution
		Debug|Any CPU = Debug|Any CPU
		Release|Any CPU = Release|Any CPU
	EndGlobalSection
	GlobalSection(ProjectConfigurationPlatforms) = postSolution
		{FAA769A8-7DBB-4139-BCEF-8D7E04C54851}.Debug|Any CPU.ActiveCfg = Debug|Any CPU
		{FAA769A8-7DBB-4139-BCEF-8D7E04C54851}.Debug|Any CPU.Build.0 = Debug|Any CPU
		{FAA769A8-7DBB-4139-BCEF-8D7E04C54851}.Release|Any CPU.ActiveCfg = Release|Any CPU
		{FAA769A8-7DBB-4139-BCEF-8D7E04C54851}.Release|Any CPU.Build.0 = Release|Any CPU
		{F809FE80-8790-480B-86FB-CC2BD63F16E1}.Debug|Any CPU.ActiveCfg = Debug|Any CPU
		{F809FE80-8790-480B-86FB-CC2BD63F16E1}.Debug|Any CPU.Build.0 = Debug|Any CPU
		{F809FE80-8790-480B-86FB-CC2BD63F16E1}.Release|Any CPU.ActiveCfg = Release|Any CPU
		{F809FE80-8790-480B-86FB-CC2BD63F16E1}.Release|Any CPU.Build.0 = Release|Any CPU
		{7ECED420-C379-45CA-BF34-8E2D141D4503}.Debug|Any CPU.ActiveCfg = Debug|Any CPU
		{7ECED420-C379-45CA-BF34-8E2D141D4503}.Debug|Any CPU.Build.0 = Debug|Any CPU
		{7ECED420-C379-45CA-BF34-8E2D141D4503}.Release|Any CPU.ActiveCfg = Release|Any CPU
		{7ECED420-C379-45CA-BF34-8E2D141D4503}.Release|Any CPU.Build.0 = Release|Any CPU
		{A322333A-CBCF-47B7-A04C-89FCD13F308E}.Debug|Any CPU.ActiveCfg = Debug|Any CPU
		{A322333A-CBCF-47B7-A04C-89FCD13F308E}.Debug|Any CPU.Build.0 = Debug|Any CPU
		{A322333A-CBCF-47B7-A04C-89FCD13F308E}.Release|Any CPU.ActiveCfg = Release|Any CPU
		{A322333A-CBCF-47B7-A04C-89FCD13F308E}.Release|Any CPU.Build.0 = Release|Any CPU
		{402E6A23-9459-4E0F-96D6-D0069E540CDE}.Debug|Any CPU.ActiveCfg = Debug|Any CPU
		{402E6A23-9459-4E0F-96D6-D0069E540CDE}.Debug|Any CPU.Build.0 = Debug|Any CPU
		{402E6A23-9459-4E0F-96D6-D0069E540CDE}.Release|Any CPU.ActiveCfg = Release|Any CPU
		{402E6A23-9459-4E0F-96D6-D0069E540CDE}.Release|Any CPU.Build.0 = Release|Any CPU
		{E054F4FF-C3E8-4F36-AC7A-705055EA35ED}.Debug|Any CPU.ActiveCfg = Debug|Any CPU
		{E054F4FF-C3E8-4F36-AC7A-705055EA35ED}.Debug|Any CPU.Build.0 = Debug|Any CPU
		{E054F4FF-C3E8-4F36-AC7A-705055EA35ED}.Release|Any CPU.ActiveCfg = Release|Any CPU
		{E054F4FF-C3E8-4F36-AC7A-705055EA35ED}.Release|Any CPU.Build.0 = Release|Any CPU
	EndGlobalSection
	GlobalSection(SolutionProperties) = preSolution
		HideSolutionNode = FALSE
	EndGlobalSection
	GlobalSection(ExtensibilityGlobals) = postSolution
		SolutionGuid = {D1FBA082-3C85-48A0-98D4-AF5397BF279F}
	EndGlobalSection
EndGlobal
